
Microsoft Visual Studio Solution File, Format Version 12.00
# Visual Studio 15
VisualStudioVersion = 15.0.27703.2018
MinimumVisualStudioVersion = 10.0.40219.1
Project("{9A19103F-16F7-4668-BE54-9A1E7A4F7556}") = "Sandwich King", "Sandwich King.csproj", "{F2FD01E6-2DBA-43D1-A092-9F9A50135735}"
EndProject
Global
	GlobalSection(SolutionConfigurationPlatforms) = preSolution
		Debug|Any CPU = Debug|Any CPU
		Release|Any CPU = Release|Any CPU
	EndGlobalSection
	GlobalSection(ProjectConfigurationPlatforms) = postSolution
		{F2FD01E6-2DBA-43D1-A092-9F9A50135735}.Debug|Any CPU.ActiveCfg = Debug|Any CPU
		{F2FD01E6-2DBA-43D1-A092-9F9A50135735}.Debug|Any CPU.Build.0 = Debug|Any CPU
		{F2FD01E6-2DBA-43D1-A092-9F9A50135735}.Release|Any CPU.ActiveCfg = Release|Any CPU
		{F2FD01E6-2DBA-43D1-A092-9F9A50135735}.Release|Any CPU.Build.0 = Release|Any CPU
	EndGlobalSection
	GlobalSection(SolutionProperties) = preSolution
		HideSolutionNode = FALSE
	EndGlobalSection
	GlobalSection(ExtensibilityGlobals) = postSolution
		SolutionGuid = {6C6406A4-3849-4725-89B5-31E57D184124}
	EndGlobalSection
EndGlobal
